
Microsoft Visual Studio Solution File, Format Version 12.00
# Visual Studio Version 17
VisualStudioVersion = 17.6.33829.357
MinimumVisualStudioVersion = 10.0.40219.1
Project("{9092AA53-FB77-4645-B42D-1CCCA6BD08BD}") = "Expressgeneratol", "Expressgeneratol.njsproj", "{F547D47A-C3F4-4D4C-AF45-C6F350E12020}"
EndProject
Global
	GlobalSection(SolutionConfigurationPlatforms) = preSolution
		Debug|Any CPU = Debug|Any CPU
		Release|Any CPU = Release|Any CPU
	EndGlobalSection
	GlobalSection(ProjectConfigurationPlatforms) = postSolution
		{F547D47A-C3F4-4D4C-AF45-C6F350E12020}.Debug|Any CPU.ActiveCfg = Debug|Any CPU
		{F547D47A-C3F4-4D4C-AF45-C6F350E12020}.Debug|Any CPU.Build.0 = Debug|Any CPU
		{F547D47A-C3F4-4D4C-AF45-C6F350E12020}.Release|Any CPU.ActiveCfg = Release|Any CPU
		{F547D47A-C3F4-4D4C-AF45-C6F350E12020}.Release|Any CPU.Build.0 = Release|Any CPU
	EndGlobalSection
	GlobalSection(SolutionProperties) = preSolution
		HideSolutionNode = FALSE
	EndGlobalSection
	GlobalSection(ExtensibilityGlobals) = postSolution
		SolutionGuid = {0138E2F4-4C55-46A5-96E7-419BE5715DE8}
	EndGlobalSection
EndGlobal
